
Microsoft Visual Studio Solution File, Format Version 12.00
# Visual Studio 15
VisualStudioVersion = 15.0.27428.2027
MinimumVisualStudioVersion = 10.0.40219.1
Project("{FAE04EC0-301F-11D3-BF4B-00C04F79EFBC}") = "29Lifts", "29Lifts\29Lifts.csproj", "{E0D98F8B-0CCE-4AD8-8387-F21BA4C4C713}"
EndProject
Global
	GlobalSection(SolutionConfigurationPlatforms) = preSolution
		Debug|Any CPU = Debug|Any CPU
		Debug|ARM = Debug|ARM
		Debug|x64 = Debug|x64
		Debug|x86 = Debug|x86
		Release|Any CPU = Release|Any CPU
		Release|ARM = Release|ARM
		Release|x64 = Release|x64
		Release|x86 = Release|x86
	EndGlobalSection
	GlobalSection(ProjectConfigurationPlatforms) = postSolution
		{E0D98F8B-0CCE-4AD8-8387-F21BA4C4C713}.Debug|Any CPU.ActiveCfg = Debug|x86
		{E0D98F8B-0CCE-4AD8-8387-F21BA4C4C713}.Debug|ARM.ActiveCfg = Debug|ARM
		{E0D98F8B-0CCE-4AD8-8387-F21BA4C4C713}.Debug|ARM.Build.0 = Debug|ARM
		{E0D98F8B-0CCE-4AD8-8387-F21BA4C4C713}.Debug|ARM.Deploy.0 = Debug|ARM
		{E0D98F8B-0CCE-4AD8-8387-F21BA4C4C713}.Debug|x64.ActiveCfg = Debug|x64
		{E0D98F8B-0CCE-4AD8-8387-F21BA4C4C713}.Debug|x64.Build.0 = Debug|x64
		{E0D98F8B-0CCE-4AD8-8387-F21BA4C4C713}.Debug|x64.Deploy.0 = Debug|x64
		{E0D98F8B-0CCE-4AD8-8387-F21BA4C4C713}.Debug|x86.ActiveCfg = Debug|x86
		{E0D98F8B-0CCE-4AD8-8387-F21BA4C4C713}.Debug|x86.Build.0 = Debug|x86
		{E0D98F8B-0CCE-4AD8-8387-F21BA4C4C713}.Debug|x86.Deploy.0 = Debug|x86
		{E0D98F8B-0CCE-4AD8-8387-F21BA4C4C713}.Release|Any CPU.ActiveCfg = Release|x86
		{E0D98F8B-0CCE-4AD8-8387-F21BA4C4C713}.Release|ARM.ActiveCfg = Release|ARM
		{E0D98F8B-0CCE-4AD8-8387-F21BA4C4C713}.Release|ARM.Build.0 = Release|ARM
		{E0D98F8B-0CCE-4AD8-8387-F21BA4C4C713}.Release|ARM.Deploy.0 = Release|ARM
		{E0D98F8B-0CCE-4AD8-8387-F21BA4C4C713}.Release|x64.ActiveCfg = Release|x64
		{E0D98F8B-0CCE-4AD8-8387-F21BA4C4C713}.Release|x64.Build.0 = Release|x64
		{E0D98F8B-0CCE-4AD8-8387-F21BA4C4C713}.Release|x64.Deploy.0 = Release|x64
		{E0D98F8B-0CCE-4AD8-8387-F21BA4C4C713}.Release|x86.ActiveCfg = Release|x86
		{E0D98F8B-0CCE-4AD8-8387-F21BA4C4C713}.Release|x86.Build.0 = Release|x86
		{E0D98F8B-0CCE-4AD8-8387-F21BA4C4C713}.Release|x86.Deploy.0 = Release|x86
	EndGlobalSection
	GlobalSection(SolutionProperties) = preSolution
		HideSolutionNode = FALSE
	EndGlobalSection
	GlobalSection(ExtensibilityGlobals) = postSolution
		SolutionGuid = {4DF108CB-6E6F-4752-B897-F6C21D9B4753}
	EndGlobalSection
EndGlobal
